
Microsoft Visual Studio Solution File, Format Version 12.00
# Visual Studio 15
VisualStudioVersion = 15.0.27004.2006
MinimumVisualStudioVersion = 10.0.40219.1
Project("{FAE04EC0-301F-11D3-BF4B-00C04F79EFBC}") = "NETCORE2", "NETCORE2\NETCORE2.csproj", "{C86317FD-A35E-414C-8F9E-145FA90AC5E8}"
EndProject
Global
	GlobalSection(SolutionConfigurationPlatforms) = preSolution
		Debug|Any CPU = Debug|Any CPU
		Release|Any CPU = Release|Any CPU
	EndGlobalSection
	GlobalSection(ProjectConfigurationPlatforms) = postSolution
		{C86317FD-A35E-414C-8F9E-145FA90AC5E8}.Debug|Any CPU.ActiveCfg = Debug|Any CPU
		{C86317FD-A35E-414C-8F9E-145FA90AC5E8}.Debug|Any CPU.Build.0 = Debug|Any CPU
		{C86317FD-A35E-414C-8F9E-145FA90AC5E8}.Release|Any CPU.ActiveCfg = Release|Any CPU
		{C86317FD-A35E-414C-8F9E-145FA90AC5E8}.Release|Any CPU.Build.0 = Release|Any CPU
	EndGlobalSection
	GlobalSection(SolutionProperties) = preSolution
		HideSolutionNode = FALSE
	EndGlobalSection
	GlobalSection(ExtensibilityGlobals) = postSolution
		SolutionGuid = {78995D36-3C61-419C-AA0F-11493E2C3B1A}
	EndGlobalSection
EndGlobal
